PODS:
  - AESCrypt-ObjC (1.0.2)
  - AFNetworking (4.0.1):
    - AFNetworking/NSURLSession (= 4.0.1)
    - AFNetworking/Reachability (= 4.0.1)
    - AFNetworking/Security (= 4.0.1)
    - AFNetworking/Serialization (= 4.0.1)
    - AFNetworking/UIKit (= 4.0.1)
  - AFNetworking/NSURLSession (4.0.1):
    - AFNetworking/Reachability
    - AFNetworking/Security
    - AFNetworking/Serialization
  - AFNetworking/Reachability (4.0.1)
  - AFNetworking/Security (4.0.1)
  - AFNetworking/Serialization (4.0.1)
  - AFNetworking/UIKit (4.0.1):
    - AFNetworking/NSURLSession
  - CCDropDownMenus (0.1.2)
  - IQKeyboardManager (6.5.5)
  - JSONModel (1.8.0)
  - JVFloatLabeledTextField (1.2.2)
  - NSHash (1.2.0)
  - SDWebImage (5.7.3):
    - SDWebImage/Core (= 5.7.3)
  - SDWebImage/Core (5.7.3)
  - SSKeychain (1.4.1)
  - SVProgressHUD (2.2.5)
  - UIBarButtonItem-Badge-Coding (0.0.1)

DEPENDENCIES:
  - AESCrypt-ObjC
  - AFNetworking
  - CCDropDownMenus
  - IQKeyboardManager
  - JSONModel
  - JVFloatLabeledTextField
  - NSHash
  - SDWebImage
  - SSKeychain (~> 1.4)
  - SVProgressHUD
  - UIBarButtonItem-Badge-Coding

SPEC REPOS:
  trunk:
    - AESCrypt-ObjC
    - AFNetworking
    - CCDropDownMenus
    - IQKeyboardManager
    - JSONModel
    - JVFloatLabeledTextField
    - NSHash
    - SDWebImage
    - SSKeychain
    - SVProgressHUD
    - UIBarButtonItem-Badge-Coding

SPEC CHECKSUMS:
  AESCrypt-ObjC: 6d930ff891a61b90505855e9447959a84be80715
  AFNetworking: 7864c38297c79aaca1500c33288e429c3451fdce
  CCDropDownMenus: ee65b63286a16354907fdde49c40c1817f463470
  IQKeyboardManager: 3a8b9e603f8b0eeaf5f096a1f2b2cfcf121992ef
  JSONModel: 02ab723958366a3fd27da57ea2af2113658762e9
  JVFloatLabeledTextField: df48598472ee015701d509f43e59492a0d4ca208
  NSHash: 036c03781d372c288d332b512b203e7bb832e46e
  SDWebImage: 97351f6582ceca541ea294ba66a1fcb342a331c2
  SSKeychain: 55cc80f66f5c73da827e3077f02e43528897db41
  SVProgressHUD: 1428aafac632c1f86f62aa4243ec12008d7a51d6
  UIBarButtonItem-Badge-Coding: 3f8e96f75f7d7c7516c1a1706b566892bf2db134

PODFILE CHECKSUM: a8e648eaaa09de97bf64ce940fbc587115f4d4d2

COCOAPODS: 1.9.1
